
Microsoft Visual Studio Solution File, Format Version 12.00
# Visual Studio Version 17
VisualStudioVersion = 17.5.002.0
MinimumVisualStudioVersion = 10.0.40219.1
Project("{9A19103F-16F7-4668-BE54-9A1E7A4F7556}") = "task", "task\task.csproj", "{668AAED9-6734-4289-A73B-49437A5C85AE}"
EndProject
Global
	GlobalSection(SolutionConfigurationPlatforms) = preSolution
		Debug|Any CPU = Debug|Any CPU
		Release|Any CPU = Release|Any CPU
	EndGlobalSection
	GlobalSection(ProjectConfigurationPlatforms) = postSolution
		{668AAED9-6734-4289-A73B-49437A5C85AE}.Debug|Any CPU.ActiveCfg = Debug|Any CPU
		{668AAED9-6734-4289-A73B-49437A5C85AE}.Debug|Any CPU.Build.0 = Debug|Any CPU
		{668AAED9-6734-4289-A73B-49437A5C85AE}.Release|Any CPU.ActiveCfg = Release|Any CPU
		{668AAED9-6734-4289-A73B-49437A5C85AE}.Release|Any CPU.Build.0 = Release|Any CPU
	EndGlobalSection
	GlobalSection(SolutionProperties) = preSolution
		HideSolutionNode = FALSE
	EndGlobalSection
	GlobalSection(ExtensibilityGlobals) = postSolution
		SolutionGuid = {C7D632EF-34C8-4A15-89EB-DF80D991DB6C}
	EndGlobalSection
EndGlobal
